
Microsoft Visual Studio Solution File, Format Version 12.00
# Visual Studio 14
VisualStudioVersion = 14.0.25420.1
MinimumVisualStudioVersion = 10.0.40219.1
Project("{FAE04EC0-301F-11D3-BF4B-00C04F79EFBC}") = "testing asp web api with nunit", "testing asp web api with nunit\testing asp web api with nunit.csproj", "{60804936-419A-409A-B43F-857F40E7449E}"
EndProject
Project("{FAE04EC0-301F-11D3-BF4B-00C04F79EFBC}") = "testing with nunit", "testing with nunit\testing with nunit.csproj", "{BEC684FD-81FF-4622-B2D7-6A54C7CEA166}"
EndProject
Global
	GlobalSection(SolutionConfigurationPlatforms) = preSolution
		Debug|Any CPU = Debug|Any CPU
		Release|Any CPU = Release|Any CPU
	EndGlobalSection
	GlobalSection(ProjectConfigurationPlatforms) = postSolution
		{60804936-419A-409A-B43F-857F40E7449E}.Debug|Any CPU.ActiveCfg = Debug|Any CPU
		{60804936-419A-409A-B43F-857F40E7449E}.Debug|Any CPU.Build.0 = Debug|Any CPU
		{60804936-419A-409A-B43F-857F40E7449E}.Release|Any CPU.ActiveCfg = Release|Any CPU
		{60804936-419A-409A-B43F-857F40E7449E}.Release|Any CPU.Build.0 = Release|Any CPU
		{BEC684FD-81FF-4622-B2D7-6A54C7CEA166}.Debug|Any CPU.ActiveCfg = Debug|Any CPU
		{BEC684FD-81FF-4622-B2D7-6A54C7CEA166}.Debug|Any CPU.Build.0 = Debug|Any CPU
		{BEC684FD-81FF-4622-B2D7-6A54C7CEA166}.Release|Any CPU.ActiveCfg = Release|Any CPU
		{BEC684FD-81FF-4622-B2D7-6A54C7CEA166}.Release|Any CPU.Build.0 = Release|Any CPU
	EndGlobalSection
	GlobalSection(SolutionProperties) = preSolution
		HideSolutionNode = FALSE
	EndGlobalSection
EndGlobal
